
Microsoft Visual Studio Solution File, Format Version 12.00
# Visual Studio Version 17
VisualStudioVersion = 17.9.34607.119
MinimumVisualStudioVersion = 10.0.40219.1
Project("{FAE04EC0-301F-11D3-BF4B-00C04F79EFBC}") = "CSVs_Writing_Reading_Preloading_Hongfei", "CSVs_Writing_Reading_Preloading_Hongfei\CSVs_Writing_Reading_Preloading_Hongfei.csproj", "{4A778ECE-260E-4C5C-9C3A-0BF45EF322A3}"
EndProject
Project("{FAE04EC0-301F-11D3-BF4B-00C04F79EFBC}") = "ClassLibrary1", "ClassLibrary1\ClassLibrary1.csproj", "{0DB6E496-B3D2-4D20-80F6-34849F3CBEE0}"
EndProject
Global
	GlobalSection(SolutionConfigurationPlatforms) = preSolution
		Debug|Any CPU = Debug|Any CPU
		Release|Any CPU = Release|Any CPU
	EndGlobalSection
	GlobalSection(ProjectConfigurationPlatforms) = postSolution
		{4A778ECE-260E-4C5C-9C3A-0BF45EF322A3}.Debug|Any CPU.ActiveCfg = Debug|Any CPU
		{4A778ECE-260E-4C5C-9C3A-0BF45EF322A3}.Debug|Any CPU.Build.0 = Debug|Any CPU
		{4A778ECE-260E-4C5C-9C3A-0BF45EF322A3}.Release|Any CPU.ActiveCfg = Release|Any CPU
		{4A778ECE-260E-4C5C-9C3A-0BF45EF322A3}.Release|Any CPU.Build.0 = Release|Any CPU
		{0DB6E496-B3D2-4D20-80F6-34849F3CBEE0}.Debug|Any CPU.ActiveCfg = Debug|Any CPU
		{0DB6E496-B3D2-4D20-80F6-34849F3CBEE0}.Debug|Any CPU.Build.0 = Debug|Any CPU
		{0DB6E496-B3D2-4D20-80F6-34849F3CBEE0}.Release|Any CPU.ActiveCfg = Release|Any CPU
		{0DB6E496-B3D2-4D20-80F6-34849F3CBEE0}.Release|Any CPU.Build.0 = Release|Any CPU
	EndGlobalSection
	GlobalSection(SolutionProperties) = preSolution
		HideSolutionNode = FALSE
	EndGlobalSection
	GlobalSection(ExtensibilityGlobals) = postSolution
		SolutionGuid = {96AAA190-E46A-4D31-9267-E6DDDE3B6F03}
	EndGlobalSection
EndGlobal
